
Microsoft Visual Studio Solution File, Format Version 12.00
# Visual Studio 14
VisualStudioVersion = 14.0.23107.0
MinimumVisualStudioVersion = 10.0.40219.1
Project("{2150E333-8FDC-42A3-9474-1A3956D46DE8}") = ".nuget", ".nuget", "{2FA01D6C-C367-4702-BBC0-60097A6CAAB3}"
	ProjectSection(SolutionItems) = preProject
		.nuget\NuGet.Config = .nuget\NuGet.Config
		.nuget\NuGet.exe = .nuget\NuGet.exe
		.nuget\NuGet.targets = .nuget\NuGet.targets
	EndProjectSection
EndProject
Project("{F184B08F-C81C-45F6-A57F-5ABD9991F28F}") = "WebApiTestClient.VB", "WebApiTestClient.VB\WebApiTestClient.VB.vbproj", "{5AEDD434-A2D1-4CF9-9196-EFE1CC9D1D8C}"
EndProject
Global
	GlobalSection(SolutionConfigurationPlatforms) = preSolution
		Debug|Any CPU = Debug|Any CPU
		Release|Any CPU = Release|Any CPU
	EndGlobalSection
	GlobalSection(ProjectConfigurationPlatforms) = postSolution
		{5AEDD434-A2D1-4CF9-9196-EFE1CC9D1D8C}.Debug|Any CPU.ActiveCfg = Debug|Any CPU
		{5AEDD434-A2D1-4CF9-9196-EFE1CC9D1D8C}.Debug|Any CPU.Build.0 = Debug|Any CPU
		{5AEDD434-A2D1-4CF9-9196-EFE1CC9D1D8C}.Release|Any CPU.ActiveCfg = Release|Any CPU
		{5AEDD434-A2D1-4CF9-9196-EFE1CC9D1D8C}.Release|Any CPU.Build.0 = Release|Any CPU
	EndGlobalSection
	GlobalSection(SolutionProperties) = preSolution
		HideSolutionNode = FALSE
	EndGlobalSection
	GlobalSection(TeamFoundationVersionControl) = preSolution
		SccNumberOfProjects = 2
		SccEnterpriseProvider = {4CA58AB2-18FA-4F8D-95D4-32DDF27D184C}
		SccTeamFoundationServer = https://u3tech.visualstudio.com/defaultcollection
		SccLocalPath0 = .
		SccProjectUniqueName1 = WebApiTestClient.VB\\WebApiTestClient.VB.vbproj
		SccProjectName1 = WebApiTestClient.VB
		SccLocalPath1 = WebApiTestClient.VB
	EndGlobalSection
EndGlobal
